// !$*UTF8*$!
{
	archiveVersion = 1;
	classes = {
	};
	objectVersion = 51;
	objects = {

/* Begin PBXBuildFile section */
		022BBFFB40803125B89D3E73 /* Pods_FastAndSafeMemoTests.framework in Frameworks */ = {isa = PBXBuildFile; fileRef = EA391549E46992211E78342E /* Pods_FastAndSafeMemoTests.framework */; };
		18E02D6125F1939A00A83CBE /* AppDelegate.swift in Sources */ = {isa = PBXBuildFile; fileRef = 18E02D6025F1939A00A83CBE /* AppDelegate.swift */; };
		18E02D6325F1939A00A83CBE /* SceneDelegate.swift in Sources */ = {isa = PBXBuildFile; fileRef = 18E02D6225F1939A00A83CBE /* SceneDelegate.swift */; };
		18E02D6825F1939A00A83CBE /* Main.storyboard in Resources */ = {isa = PBXBuildFile; fileRef = 18E02D6625F1939A00A83CBE /* Main.storyboard */; };
		18E02D6B25F1939A00A83CBE /* FastAndSafeMemo.xcdatamodeld in Sources */ = {isa = PBXBuildFile; fileRef = 18E02D6925F1939A00A83CBE /* FastAndSafeMemo.xcdatamodeld */; };
		18E02D6D25F1939A00A83CBE /* Assets.xcassets in Resources */ = {isa = PBXBuildFile; fileRef = 18E02D6C25F1939A00A83CBE /* Assets.xcassets */; };
		18E02D7025F1939A00A83CBE /* LaunchScreen.storyboard in Resources */ = {isa = PBXBuildFile; fileRef = 18E02D6E25F1939A00A83CBE /* LaunchScreen.storyboard */; };
		18E02DDE25F19C3700A83CBE /* Memo.swift in Sources */ = {isa = PBXBuildFile; fileRef = 18E02DDD25F19C3700A83CBE /* Memo.swift */; };
		18E02DE625F19D3C00A83CBE /* MemoStorageType.swift in Sources */ = {isa = PBXBuildFile; fileRef = 18E02DE525F19D3C00A83CBE /* MemoStorageType.swift */; };
		18E02DF325F19E5B00A83CBE /* MemoryStorage.swift in Sources */ = {isa = PBXBuildFile; fileRef = 18E02DF225F19E5B00A83CBE /* MemoryStorage.swift */; };
		18E02DF825F1A38400A83CBE /* MemoListViewController.swift in Sources */ = {isa = PBXBuildFile; fileRef = 18E02DF725F1A38400A83CBE /* MemoListViewController.swift */; };
		18E02DFD25F1A3B600A83CBE /* MemoDetailViewController.swift in Sources */ = {isa = PBXBuildFile; fileRef = 18E02DFC25F1A3B600A83CBE /* MemoDetailViewController.swift */; };
		18E02E0225F1A3D700A83CBE /* MemoComposeViewController.swift in Sources */ = {isa = PBXBuildFile; fileRef = 18E02E0125F1A3D700A83CBE /* MemoComposeViewController.swift */; };
		2933F275D4ACD9574CEB3303 /* Pods_FastAndSafeMemo.framework in Frameworks */ = {isa = PBXBuildFile; fileRef = 6E02903021677523A363FB0C /* Pods_FastAndSafeMemo.framework */; };
		99073FE4ECBB34947C8D0CC1 /* Pods_FastAndSafeMemo_FastAndSafeMemoUITests.framework in Frameworks */ = {isa = PBXBuildFile; fileRef = 44C7E908EFF2563EE36946B8 /* Pods_FastAndSafeMemo_FastAndSafeMemoUITests.framework */; };
/* End PBXBuildFile section */

/* Begin PBXContainerItemProxy section */
		18E02D7725F1939B00A83CBE /* PBXContainerItemProxy */ = {
			isa = PBXContainerItemProxy;
			containerPortal = 18E02D5525F1939A00A83CBE /* Project object */;
			proxyType = 1;
			remoteGlobalIDString = 18E02D5C25F1939A00A83CBE;
			remoteInfo = FastAndSafeMemo;
		};
		18E02D8225F1939B00A83CBE /* PBXContainerItemProxy */ = {
			isa = PBXContainerItemProxy;
			containerPortal = 18E02D5525F1939A00A83CBE /* Project object */;
			proxyType = 1;
			remoteGlobalIDString = 18E02D5C25F1939A00A83CBE;
			remoteInfo = FastAndSafeMemo;
		};
/* End PBXContainerItemProxy section */

/* Begin PBXFileReference section */
		027BECC53A70EF29E604D5A7 /* Pods-FastAndSafeMemo.debug.xcconfig */ = {isa = PBXFileReference; includeInIndex = 1; lastKnownFileType = text.xcconfig; name = "Pods-FastAndSafeMemo.debug.xcconfig"; path = "Target Support Files/Pods-FastAndSafeMemo/Pods-FastAndSafeMemo.debug.xcconfig"; sourceTree = "<group>"; };
		18E02D5D25F1939A00A83CBE /* FastAndSafeMemo.app */ = {isa = PBXFileReference; explicitFileType = wrapper.application; includeInIndex = 0; path = FastAndSafeMemo.app; sourceTree = BUILT_PRODUCTS_DIR; };
		18E02D6025F1939A00A83CBE /* AppDelegate.swift */ = {isa = PBXFileReference; lastKnownFileType = sourcecode.swift; path = AppDelegate.swift; sourceTree = "<group>"; };
		18E02D6225F1939A00A83CBE /* SceneDelegate.swift */ = {isa = PBXFileReference; lastKnownFileType = sourcecode.swift; path = SceneDelegate.swift; sourceTree = "<group>"; };
		18E02D6725F1939A00A83CBE /* Base */ = {isa = PBXFileReference; lastKnownFileType = file.storyboard; name = Base; path = Base.lproj/Main.storyboard; sourceTree = "<group>"; };
		18E02D6A25F1939A00A83CBE /* FastAndSafeMemo.xcdatamodel */ = {isa = PBXFileReference; lastKnownFileType = wrapper.xcdatamodel; path = FastAndSafeMemo.xcdatamodel; sourceTree = "<group>"; };
		18E02D6C25F1939A00A83CBE /* Assets.xcassets */ = {isa = PBXFileReference; lastKnownFileType = folder.assetcatalog; path = Assets.xcassets; sourceTree = "<group>"; };
		18E02D6F25F1939A00A83CBE /* Base */ = {isa = PBXFileReference; lastKnownFileType = file.storyboard; name = Base; path = Base.lproj/LaunchScreen.storyboard; sourceTree = "<group>"; };
		18E02D7125F1939A00A83CBE /* Info.plist */ = {isa = PBXFileReference; lastKnownFileType = text.plist.xml; path = Info.plist; sourceTree = "<group>"; };
		18E02D7625F1939B00A83CBE /* FastAndSafeMemoTests.xctest */ = {isa = PBXFileReference; explicitFileType = wrapper.cfbundle; includeInIndex = 0; path = FastAndSafeMemoTests.xctest; sourceTree = BUILT_PRODUCTS_DIR; };
		18E02D8125F1939B00A83CBE /* FastAndSafeMemoUITests.xctest */ = {isa = PBXFileReference; explicitFileType = wrapper.cfbundle; includeInIndex = 0; path = FastAndSafeMemoUITests.xctest; sourceTree = BUILT_PRODUCTS_DIR; };
		18E02DDD25F19C3700A83CBE /* Memo.swift */ = {isa = PBXFileReference; lastKnownFileType = sourcecode.swift; path = Memo.swift; sourceTree = "<group>"; };
		18E02DE525F19D3C00A83CBE /* MemoStorageType.swift */ = {isa = PBXFileReference; lastKnownFileType = sourcecode.swift; path = MemoStorageType.swift; sourceTree = "<group>"; };
		18E02DF225F19E5B00A83CBE /* MemoryStorage.swift */ = {isa = PBXFileReference; lastKnownFileType = sourcecode.swift; path = MemoryStorage.swift; sourceTree = "<group>"; };
		18E02DF725F1A38400A83CBE /* MemoListViewController.swift */ = {isa = PBXFileReference; lastKnownFileType = sourcecode.swift; path = MemoListViewController.swift; sourceTree = "<group>"; };
		18E02DFC25F1A3B600A83CBE /* MemoDetailViewController.swift */ = {isa = PBXFileReference; lastKnownFileType = sourcecode.swift; path = MemoDetailViewController.swift; sourceTree = "<group>"; };
		18E02E0125F1A3D700A83CBE /* MemoComposeViewController.swift */ = {isa = PBXFileReference; lastKnownFileType = sourcecode.swift; path = MemoComposeViewController.swift; sourceTree = "<group>"; };
		44C7E908EFF2563EE36946B8 /* Pods_FastAndSafeMemo_FastAndSafeMemoUITests.framework */ = {isa = PBXFileReference; explicitFileType = wrapper.framework; includeInIndex = 0; path = Pods_FastAndSafeMemo_FastAndSafeMemoUITests.framework; sourceTree = BUILT_PRODUCTS_DIR; };
		5B2A5F16111B33468640C0FA /* Pods-FastAndSafeMemo.release.xcconfig */ = {isa = PBXFileReference; includeInIndex = 1; lastKnownFileType = text.xcconfig; name = "Pods-FastAndSafeMemo.release.xcconfig"; path = "Target Support Files/Pods-FastAndSafeMemo/Pods-FastAndSafeMemo.release.xcconfig"; sourceTree = "<group>"; };
		6E02903021677523A363FB0C /* Pods_FastAndSafeMemo.framework */ = {isa = PBXFileReference; explicitFileType = wrapper.framework; includeInIndex = 0; path = Pods_FastAndSafeMemo.framework; sourceTree = BUILT_PRODUCTS_DIR; };
		7CB6819DAE25F16FAEBBB555 /* Pods-FastAndSafeMemo-FastAndSafeMemoUITests.release.xcconfig */ = {isa = PBXFileReference; includeInIndex = 1; lastKnownFileType = text.xcconfig; name = "Pods-FastAndSafeMemo-FastAndSafeMemoUITests.release.xcconfig"; path = "Target Support Files/Pods-FastAndSafeMemo-FastAndSafeMemoUITests/Pods-FastAndSafeMemo-FastAndSafeMemoUITests.release.xcconfig"; sourceTree = "<group>"; };
		911AB82DBB0DA839A5576200 /* Pods-FastAndSafeMemoTests.release.xcconfig */ = {isa = PBXFileReference; includeInIndex = 1; lastKnownFileType = text.xcconfig; name = "Pods-FastAndSafeMemoTests.release.xcconfig"; path = "Target Support Files/Pods-FastAndSafeMemoTests/Pods-FastAndSafeMemoTests.release.xcconfig"; sourceTree = "<group>"; };
		BEDA8004F35A34F1D41CA545 /* Pods-FastAndSafeMemoTests.debug.xcconfig */ = {isa = PBXFileReference; includeInIndex = 1; lastKnownFileType = text.xcconfig; name = "Pods-FastAndSafeMemoTests.debug.xcconfig"; path = "Target Support Files/Pods-FastAndSafeMemoTests/Pods-FastAndSafeMemoTests.debug.xcconfig"; sourceTree = "<group>"; };
		EA391549E46992211E78342E /* Pods_FastAndSafeMemoTests.framework */ = {isa = PBXFileReference; explicitFileType = wrapper.framework; includeInIndex = 0; path = Pods_FastAndSafeMemoTests.framework; sourceTree = BUILT_PRODUCTS_DIR; };
		F5EFD672CF77AF37EC8641F7 /* Pods-FastAndSafeMemo-FastAndSafeMemoUITests.debug.xcconfig */ = {isa = PBXFileReference; includeInIndex = 1; lastKnownFileType = text.xcconfig; name = "Pods-FastAndSafeMemo-FastAndSafeMemoUITests.debug.xcconfig"; path = "Target Support Files/Pods-FastAndSafeMemo-FastAndSafeMemoUITests/Pods-FastAndSafeMemo-FastAndSafeMemoUITests.debug.xcconfig"; sourceTree = "<group>"; };
/* End PBXFileReference section */

/* Begin PBXFrameworksBuildPhase section */
		18E02D5A25F1939A00A83CBE /* Frameworks */ = {
			isa = PBXFrameworksBuildPhase;
			buildActionMask = 2147483647;
			files = (
				2933F275D4ACD9574CEB3303 /* Pods_FastAndSafeMemo.framework in Frameworks */,
			);
			runOnlyForDeploymentPostprocessing = 0;
		};
		18E02D7325F1939B00A83CBE /* Frameworks */ = {
			isa = PBXFrameworksBuildPhase;
			buildActionMask = 2147483647;
			files = (
				022BBFFB40803125B89D3E73 /* Pods_FastAndSafeMemoTests.framework in Frameworks */,
			);
			runOnlyForDeploymentPostprocessing = 0;
		};
		18E02D7E25F1939B00A83CBE /* Frameworks */ = {
			isa = PBXFrameworksBuildPhase;
			buildActionMask = 2147483647;
			files = (
				99073FE4ECBB34947C8D0CC1 /* Pods_FastAndSafeMemo_FastAndSafeMemoUITests.framework in Frameworks */,
			);
			runOnlyForDeploymentPostprocessing = 0;
		};
/* End PBXFrameworksBuildPhase section */

/* Begin PBXGroup section */
		18E02D5425F1939A00A83CBE = {
			isa = PBXGroup;
			children = (
				18E02D5F25F1939A00A83CBE /* FastAndSafeMemo */,
				18E02D5E25F1939A00A83CBE /* Products */,
				4669EE90E16DD034B08DD2BE /* Pods */,
				6B68A93008057C058540E182 /* Frameworks */,
			);
			sourceTree = "<group>";
		};
		18E02D5E25F1939A00A83CBE /* Products */ = {
			isa = PBXGroup;
			children = (
				18E02D5D25F1939A00A83CBE /* FastAndSafeMemo.app */,
				18E02D7625F1939B00A83CBE /* FastAndSafeMemoTests.xctest */,
				18E02D8125F1939B00A83CBE /* FastAndSafeMemoUITests.xctest */,
			);
			name = Products;
			sourceTree = "<group>";
		};
		18E02D5F25F1939A00A83CBE /* FastAndSafeMemo */ = {
			isa = PBXGroup;
			children = (
				18E02DD625F19B6900A83CBE /* Scene */,
				18E02DD525F19B5600A83CBE /* Service */,
				18E02DD425F19B4100A83CBE /* ViewModel */,
				18E02DD325F19B2F00A83CBE /* ViewController */,
				18E02DD225F19B1C00A83CBE /* Model */,
				18E02D6025F1939A00A83CBE /* AppDelegate.swift */,
				18E02D6225F1939A00A83CBE /* SceneDelegate.swift */,
				18E02D6C25F1939A00A83CBE /* Assets.xcassets */,
				18E02D7125F1939A00A83CBE /* Info.plist */,
			);
			path = FastAndSafeMemo;
			sourceTree = "<group>";
		};
		18E02DD225F19B1C00A83CBE /* Model */ = {
			isa = PBXGroup;
			children = (
				18E02DDD25F19C3700A83CBE /* Memo.swift */,
			);
			path = Model;
			sourceTree = "<group>";
		};
		18E02DD325F19B2F00A83CBE /* ViewController */ = {
			isa = PBXGroup;
			children = (
				18E02D6625F1939A00A83CBE /* Main.storyboard */,
				18E02D6E25F1939A00A83CBE /* LaunchScreen.storyboard */,
				18E02DF725F1A38400A83CBE /* MemoListViewController.swift */,
				18E02DFC25F1A3B600A83CBE /* MemoDetailViewController.swift */,
				18E02E0125F1A3D700A83CBE /* MemoComposeViewController.swift */,
			);
			path = ViewController;
			sourceTree = "<group>";
		};
		18E02DD425F19B4100A83CBE /* ViewModel */ = {
			isa = PBXGroup;
			children = (
			);
			path = ViewModel;
			sourceTree = "<group>";
		};
		18E02DD525F19B5600A83CBE /* Service */ = {
			isa = PBXGroup;
			children = (
				18E02DF125F19E3600A83CBE /* CoreDataStorage */,
				18E02DF025F19E2900A83CBE /* MemoryStorage */,
				18E02DE525F19D3C00A83CBE /* MemoStorageType.swift */,
			);
			path = Service;
			sourceTree = "<group>";
		};
		18E02DD625F19B6900A83CBE /* Scene */ = {
			isa = PBXGroup;
			children = (
			);
			path = Scene;
			sourceTree = "<group>";
		};
		18E02DF025F19E2900A83CBE /* MemoryStorage */ = {
			isa = PBXGroup;
			children = (
				18E02DF225F19E5B00A83CBE /* MemoryStorage.swift */,
			);
			path = MemoryStorage;
			sourceTree = "<group>";
		};
		18E02DF125F19E3600A83CBE /* CoreDataStorage */ = {
			isa = PBXGroup;
			children = (
				18E02D6925F1939A00A83CBE /* FastAndSafeMemo.xcdatamodeld */,
			);
			path = CoreDataStorage;
			sourceTree = "<group>";
		};
		4669EE90E16DD034B08DD2BE /* Pods */ = {
			isa = PBXGroup;
			children = (
				027BECC53A70EF29E604D5A7 /* Pods-FastAndSafeMemo.debug.xcconfig */,
				5B2A5F16111B33468640C0FA /* Pods-FastAndSafeMemo.release.xcconfig */,
				F5EFD672CF77AF37EC8641F7 /* Pods-FastAndSafeMemo-FastAndSafeMemoUITests.debug.xcconfig */,
				7CB6819DAE25F16FAEBBB555 /* Pods-FastAndSafeMemo-FastAndSafeMemoUITests.release.xcconfig */,
				BEDA8004F35A34F1D41CA545 /* Pods-FastAndSafeMemoTests.debug.xcconfig */,
				911AB82DBB0DA839A5576200 /* Pods-FastAndSafeMemoTests.release.xcconfig */,
			);
			path = Pods;
			sourceTree = "<group>";
		};
		6B68A93008057C058540E182 /* Frameworks */ = {
			isa = PBXGroup;
			children = (
				6E02903021677523A363FB0C /* Pods_FastAndSafeMemo.framework */,
				44C7E908EFF2563EE36946B8 /* Pods_FastAndSafeMemo_FastAndSafeMemoUITests.framework */,
				EA391549E46992211E78342E /* Pods_FastAndSafeMemoTests.framework */,
			);
			name = Frameworks;
			sourceTree = "<group>";
		};
/* End PBXGroup section */

/* Begin PBXNativeTarget section */
		18E02D5C25F1939A00A83CBE /* FastAndSafeMemo */ = {
			isa = PBXNativeTarget;
			buildConfigurationList = 18E02D8A25F1939B00A83CBE /* Build configuration list for PBXNativeTarget "FastAndSafeMemo" */;
			buildPhases = (
				6716D2056D7D712247745208 /* [CP] Check Pods Manifest.lock */,
				18E02D5925F1939A00A83CBE /* Sources */,
				18E02D5A25F1939A00A83CBE /* Frameworks */,
				18E02D5B25F1939A00A83CBE /* Resources */,
				E602754FF693881D284EF11A /* [CP] Embed Pods Frameworks */,
			);
			buildRules = (
			);
			dependencies = (
			);
			name = FastAndSafeMemo;
			productName = FastAndSafeMemo;
			productReference = 18E02D5D25F1939A00A83CBE /* FastAndSafeMemo.app */;
			productType = "com.apple.product-type.application";
		};
		18E02D7525F1939B00A83CBE /* FastAndSafeMemoTests */ = {
			isa = PBXNativeTarget;
			buildConfigurationList = 18E02D8D25F1939B00A83CBE /* Build configuration list for PBXNativeTarget "FastAndSafeMemoTests" */;
			buildPhases = (
				C44489A90128FE27BC566CD9 /* [CP] Check Pods Manifest.lock */,
				18E02D7225F1939B00A83CBE /* Sources */,
				18E02D7325F1939B00A83CBE /* Frameworks */,
				18E02D7425F1939B00A83CBE /* Resources */,
			);
			buildRules = (
			);
			dependencies = (
				18E02D7825F1939B00A83CBE /* PBXTargetDependency */,
			);
			name = FastAndSafeMemoTests;
			productName = FastAndSafeMemoTests;
			productReference = 18E02D7625F1939B00A83CBE /* FastAndSafeMemoTests.xctest */;
			productType = "com.apple.product-type.bundle.unit-test";
		};
		18E02D8025F1939B00A83CBE /* FastAndSafeMemoUITests */ = {
			isa = PBXNativeTarget;
			buildConfigurationList = 18E02D9025F1939B00A83CBE /* Build configuration list for PBXNativeTarget "FastAndSafeMemoUITests" */;
			buildPhases = (
				78D17AA24387B22A5C450359 /* [CP] Check Pods Manifest.lock */,
				18E02D7D25F1939B00A83CBE /* Sources */,
				18E02D7E25F1939B00A83CBE /* Frameworks */,
				18E02D7F25F1939B00A83CBE /* Resources */,
				11CB428019B250466434B198 /* [CP] Embed Pods Frameworks */,
			);
			buildRules = (
			);
			dependencies = (
				18E02D8325F1939B00A83CBE /* PBXTargetDependency */,
			);
			name = FastAndSafeMemoUITests;
			productName = FastAndSafeMemoUITests;
			productReference = 18E02D8125F1939B00A83CBE /* FastAndSafeMemoUITests.xctest */;
			productType = "com.apple.product-type.bundle.ui-testing";
		};
/* End PBXNativeTarget section */

/* Begin PBXProject section */
		18E02D5525F1939A00A83CBE /* Project object */ = {
			isa = PBXProject;
			attributes = {
				LastSwiftUpdateCheck = 1230;
				LastUpgradeCheck = 1230;
				TargetAttributes = {
					18E02D5C25F1939A00A83CBE = {
						CreatedOnToolsVersion = 12.3;
					};
					18E02D7525F1939B00A83CBE = {
						CreatedOnToolsVersion = 12.3;
						TestTargetID = 18E02D5C25F1939A00A83CBE;
					};
					18E02D8025F1939B00A83CBE = {
						CreatedOnToolsVersion = 12.3;
						TestTargetID = 18E02D5C25F1939A00A83CBE;
					};
				};
			};
			buildConfigurationList = 18E02D5825F1939A00A83CBE /* Build configuration list for PBXProject "FastAndSafeMemo" */;
			compatibilityVersion = "Xcode 9.3";
			developmentRegion = en;
			hasScannedForEncodings = 0;
			knownRegions = (
				en,
				Base,
			);
			mainGroup = 18E02D5425F1939A00A83CBE;
			productRefGroup = 18E02D5E25F1939A00A83CBE /* Products */;
			projectDirPath = "";
			projectRoot = "";
			targets = (
				18E02D5C25F1939A00A83CBE /* FastAndSafeMemo */,
				18E02D7525F1939B00A83CBE /* FastAndSafeMemoTests */,
				18E02D8025F1939B00A83CBE /* FastAndSafeMemoUITests */,
			);
		};
/* End PBXProject section */

/* Begin PBXResourcesBuildPhase section */
		18E02D5B25F1939A00A83CBE /* Resources */ = {
			isa = PBXResourcesBuildPhase;
			buildActionMask = 2147483647;
			files = (
				18E02D7025F1939A00A83CBE /* LaunchScreen.storyboard in Resources */,
				18E02D6D25F1939A00A83CBE /* Assets.xcassets in Resources */,
				18E02D6825F1939A00A83CBE /* Main.storyboard in Resources */,
			);
			runOnlyForDeploymentPostprocessing = 0;
		};
		18E02D7425F1939B00A83CBE /* Resources */ = {
			isa = PBXResourcesBuildPhase;
			buildActionMask = 2147483647;
			files = (
			);
			runOnlyForDeploymentPostprocessing = 0;
		};
		18E02D7F25F1939B00A83CBE /* Resources */ = {
			isa = PBXResourcesBuildPhase;
			buildActionMask = 2147483647;
			files = (
			);
			runOnlyForDeploymentPostprocessing = 0;
		};
/* End PBXResourcesBuildPhase section */

/* Begin PBXShellScriptBuildPhase section */
		11CB428019B250466434B198 /* [CP] Embed Pods Frameworks */ = {
			isa = PBXShellScriptBuildPhase;
			buildActionMask = 2147483647;
			files = (
			);
			inputFileListPaths = (
				"${PODS_ROOT}/Target Support Files/Pods-FastAndSafeMemo-FastAndSafeMemoUITests/Pods-FastAndSafeMemo-FastAndSafeMemoUITests-frameworks-${CONFIGURATION}-input-files.xcfilelist",
			);
			name = "[CP] Embed Pods Frameworks";
			outputFileListPaths = (
				"${PODS_ROOT}/Target Support Files/Pods-FastAndSafeMemo-FastAndSafeMemoUITests/Pods-FastAndSafeMemo-FastAndSafeMemoUITests-frameworks-${CONFIGURATION}-output-files.xcfilelist",
			);
			runOnlyForDeploymentPostprocessing = 0;
			shellPath = /bin/sh;
			shellScript = "\"${PODS_ROOT}/Target Support Files/Pods-FastAndSafeMemo-FastAndSafeMemoUITests/Pods-FastAndSafeMemo-FastAndSafeMemoUITests-frameworks.sh\"\n";
			showEnvVarsInLog = 0;
		};
		6716D2056D7D712247745208 /* [CP] Check Pods Manifest.lock */ = {
			isa = PBXShellScriptBuildPhase;
			buildActionMask = 2147483647;
			files = (
			);
			inputFileListPaths = (
			);
			inputPaths = (
				"${PODS_PODFILE_DIR_PATH}/Podfile.lock",
				"${PODS_ROOT}/Manifest.lock",
			);
			name = "[CP] Check Pods Manifest.lock";
			outputFileListPaths = (
			);
			outputPaths = (
				"$(DERIVED_FILE_DIR)/Pods-FastAndSafeMemo-checkManifestLockResult.txt",
			);
			runOnlyForDeploymentPostprocessing = 0;
			shellPath = /bin/sh;
			shellScript = "diff \"${PODS_PODFILE_DIR_PATH}/Podfile.lock\" \"${PODS_ROOT}/Manifest.lock\" > /dev/null\nif [ $? != 0 ] ; then\n    # print error to STDERR\n    echo \"error: The sandbox is not in sync with the Podfile.lock. Run 'pod install' or update your CocoaPods installation.\" >&2\n    exit 1\nfi\n# This output is used by Xcode 'outputs' to avoid re-running this script phase.\necho \"SUCCESS\" > \"${SCRIPT_OUTPUT_FILE_0}\"\n";
			showEnvVarsInLog = 0;
		};
		78D17AA24387B22A5C450359 /* [CP] Check Pods Manifest.lock */ = {
			isa = PBXShellScriptBuildPhase;
			buildActionMask = 2147483647;
			files = (
			);
			inputFileListPaths = (
			);
			inputPaths = (
				"${PODS_PODFILE_DIR_PATH}/Podfile.lock",
				"${PODS_ROOT}/Manifest.lock",
			);
			name = "[CP] Check Pods Manifest.lock";
			outputFileListPaths = (
			);
			outputPaths = (
				"$(DERIVED_FILE_DIR)/Pods-FastAndSafeMemo-FastAndSafeMemoUITests-checkManifestLockResult.txt",
			);
			runOnlyForDeploymentPostprocessing = 0;
			shellPath = /bin/sh;
			shellScript = "diff \"${PODS_PODFILE_DIR_PATH}/Podfile.lock\" \"${PODS_ROOT}/Manifest.lock\" > /dev/null\nif [ $? != 0 ] ; then\n    # print error to STDERR\n    echo \"error: The sandbox is not in sync with the Podfile.lock. Run 'pod install' or update your CocoaPods installation.\" >&2\n    exit 1\nfi\n# This output is used by Xcode 'outputs' to avoid re-running this script phase.\necho \"SUCCESS\" > \"${SCRIPT_OUTPUT_FILE_0}\"\n";
			showEnvVarsInLog = 0;
		};
		C44489A90128FE27BC566CD9 /* [CP] Check Pods Manifest.lock */ = {
			isa = PBXShellScriptBuildPhase;
			buildActionMask = 2147483647;
			files = (
			);
			inputFileListPaths = (
			);
			inputPaths = (
				"${PODS_PODFILE_DIR_PATH}/Podfile.lock",
				"${PODS_ROOT}/Manifest.lock",
			);
			name = "[CP] Check Pods Manifest.lock";
			outputFileListPaths = (
			);
			outputPaths = (
				"$(DERIVED_FILE_DIR)/Pods-FastAndSafeMemoTests-checkManifestLockResult.txt",
			);
			runOnlyForDeploymentPostprocessing = 0;
			shellPath = /bin/sh;
			shellScript = "diff \"${PODS_PODFILE_DIR_PATH}/Podfile.lock\" \"${PODS_ROOT}/Manifest.lock\" > /dev/null\nif [ $? != 0 ] ; then\n    # print error to STDERR\n    echo \"error: The sandbox is not in sync with the Podfile.lock. Run 'pod install' or update your CocoaPods installation.\" >&2\n    exit 1\nfi\n# This output is used by Xcode 'outputs' to avoid re-running this script phase.\necho \"SUCCESS\" > \"${SCRIPT_OUTPUT_FILE_0}\"\n";
			showEnvVarsInLog = 0;
		};
		E602754FF693881D284EF11A /* [CP] Embed Pods Frameworks */ = {
			isa = PBXShellScriptBuildPhase;
			buildActionMask = 2147483647;
			files = (
			);
			inputFileListPaths = (
				"${PODS_ROOT}/Target Support Files/Pods-FastAndSafeMemo/Pods-FastAndSafeMemo-frameworks-${CONFIGURATION}-input-files.xcfilelist",
			);
			name = "[CP] Embed Pods Frameworks";
			outputFileListPaths = (
				"${PODS_ROOT}/Target Support Files/Pods-FastAndSafeMemo/Pods-FastAndSafeMemo-frameworks-${CONFIGURATION}-output-files.xcfilelist",
			);
			runOnlyForDeploymentPostprocessing = 0;
			shellPath = /bin/sh;
			shellScript = "\"${PODS_ROOT}/Target Support Files/Pods-FastAndSafeMemo/Pods-FastAndSafeMemo-frameworks.sh\"\n";
			showEnvVarsInLog = 0;
		};
/* End PBXShellScriptBuildPhase section */

/* Begin PBXSourcesBuildPhase section */
		18E02D5925F1939A00A83CBE /* Sources */ = {
			isa = PBXSourcesBuildPhase;
			buildActionMask = 2147483647;
			files = (
				18E02DF325F19E5B00A83CBE /* MemoryStorage.swift in Sources */,
				18E02DFD25F1A3B600A83CBE /* MemoDetailViewController.swift in Sources */,
				18E02D6125F1939A00A83CBE /* AppDelegate.swift in Sources */,
				18E02DE625F19D3C00A83CBE /* MemoStorageType.swift in Sources */,
				18E02D6B25F1939A00A83CBE /* FastAndSafeMemo.xcdatamodeld in Sources */,
				18E02D6325F1939A00A83CBE /* SceneDelegate.swift in Sources */,
				18E02DF825F1A38400A83CBE /* MemoListViewController.swift in Sources */,
				18E02E0225F1A3D700A83CBE /* MemoComposeViewController.swift in Sources */,
				18E02DDE25F19C3700A83CBE /* Memo.swift in Sources */,
			);
			runOnlyForDeploymentPostprocessing = 0;
		};
		18E02D7225F1939B00A83CBE /* Sources */ = {
			isa = PBXSourcesBuildPhase;
			buildActionMask = 2147483647;
			files = (
			);
			runOnlyForDeploymentPostprocessing = 0;
		};
		18E02D7D25F1939B00A83CBE /* Sources */ = {
			isa = PBXSourcesBuildPhase;
			buildActionMask = 2147483647;
			files = (
			);
			runOnlyForDeploymentPostprocessing = 0;
		};
/* End PBXSourcesBuildPhase section */

/* Begin PBXTargetDependency section */
		18E02D7825F1939B00A83CBE /* PBXTargetDependency */ = {
			isa = PBXTargetDependency;
			target = 18E02D5C25F1939A00A83CBE /* FastAndSafeMemo */;
			targetProxy = 18E02D7725F1939B00A83CBE /* PBXContainerItemProxy */;
		};
		18E02D8325F1939B00A83CBE /* PBXTargetDependency */ = {
			isa = PBXTargetDependency;
			target = 18E02D5C25F1939A00A83CBE /* FastAndSafeMemo */;
			targetProxy = 18E02D8225F1939B00A83CBE /* PBXContainerItemProxy */;
		};
/* End PBXTargetDependency section */

/* Begin PBXVariantGroup section */
		18E02D6625F1939A00A83CBE /* Main.storyboard */ = {
			isa = PBXVariantGroup;
			children = (
				18E02D6725F1939A00A83CBE /* Base */,
			);
			name = Main.storyboard;
			sourceTree = "<group>";
		};
		18E02D6E25F1939A00A83CBE /* LaunchScreen.storyboard */ = {
			isa = PBXVariantGroup;
			children = (
				18E02D6F25F1939A00A83CBE /* Base */,
			);
			name = LaunchScreen.storyboard;
			sourceTree = "<group>";
		};
/* End PBXVariantGroup section */

/* Begin XCBuildConfiguration section */
		18E02D8825F1939B00A83CBE /* Debug */ = {
			isa = XCBuildConfiguration;
			buildSettings = {
				ALWAYS_SEARCH_USER_PATHS = NO;
				CLANG_ANALYZER_NONNULL = YES;
				CLANG_ANALYZER_NUMBER_OBJECT_CONVERSION = YES_AGGRESSIVE;
				CLANG_CXX_LANGUAGE_STANDARD = "gnu++14";
				CLANG_CXX_LIBRARY = "libc++";
				CLANG_ENABLE_MODULES = YES;
				CLANG_ENABLE_OBJC_ARC = YES;
				CLANG_ENABLE_OBJC_WEAK = YES;
				CLANG_WARN_BLOCK_CAPTURE_AUTORELEASING = YES;
				CLANG_WARN_BOOL_CONVERSION = YES;
				CLANG_WARN_COMMA = YES;
				CLANG_WARN_CONSTANT_CONVERSION = YES;
				CLANG_WARN_DEPRECATED_OBJC_IMPLEMENTATIONS = YES;
				CLANG_WARN_DIRECT_OBJC_ISA_USAGE = YES_ERROR;
				CLANG_WARN_DOCUMENTATION_COMMENTS = YES;
				CLANG_WARN_EMPTY_BODY = YES;
				CLANG_WARN_ENUM_CONVERSION = YES;
				CLANG_WARN_INFINITE_RECURSION = YES;
				CLANG_WARN_INT_CONVERSION = YES;
				CLANG_WARN_NON_LITERAL_NULL_CONVERSION = YES;
				CLANG_WARN_OBJC_IMPLICIT_RETAIN_SELF = YES;
				CLANG_WARN_OBJC_LITERAL_CONVERSION = YES;
				CLANG_WARN_OBJC_ROOT_CLASS = YES_ERROR;
				CLANG_WARN_QUOTED_INCLUDE_IN_FRAMEWORK_HEADER = YES;
				CLANG_WARN_RANGE_LOOP_ANALYSIS = YES;
				CLANG_WARN_STRICT_PROTOTYPES = YES;
				CLANG_WARN_SUSPICIOUS_MOVE = YES;
				CLANG_WARN_UNGUARDED_AVAILABILITY = YES_AGGRESSIVE;
				CLANG_WARN_UNREACHABLE_CODE = YES;
				CLANG_WARN__DUPLICATE_METHOD_MATCH = YES;
				COPY_PHASE_STRIP = NO;
				DEBUG_INFORMATION_FORMAT = dwarf;
				ENABLE_STRICT_OBJC_MSGSEND = YES;
				ENABLE_TESTABILITY = YES;
				GCC_C_LANGUAGE_STANDARD = gnu11;
				GCC_DYNAMIC_NO_PIC = NO;
				GCC_NO_COMMON_BLOCKS = YES;
				GCC_OPTIMIZATION_LEVEL = 0;
				GCC_PREPROCESSOR_DEFINITIONS = (
					"DEBUG=1",
					"$(inherited)",
				);
				GCC_WARN_64_TO_32_BIT_CONVERSION = YES;
				GCC_WARN_ABOUT_RETURN_TYPE = YES_ERROR;
				GCC_WARN_UNDECLARED_SELECTOR = YES;
				GCC_WARN_UNINITIALIZED_AUTOS = YES_AGGRESSIVE;
				GCC_WARN_UNUSED_FUNCTION = YES;
				GCC_WARN_UNUSED_VARIABLE = YES;
				IPHONEOS_DEPLOYMENT_TARGET = 12.0;
				MTL_ENABLE_DEBUG_INFO = INCLUDE_SOURCE;
				MTL_FAST_MATH = YES;
				ONLY_ACTIVE_ARCH = YES;
				SDKROOT = iphoneos;
				SWIFT_ACTIVE_COMPILATION_CONDITIONS = DEBUG;
				SWIFT_OPTIMIZATION_LEVEL = "-Onone";
			};
			name = Debug;
		};
		18E02D8925F1939B00A83CBE /* Release */ = {
			isa = XCBuildConfiguration;
			buildSettings = {
				ALWAYS_SEARCH_USER_PATHS = NO;
				CLANG_ANALYZER_NONNULL = YES;
				CLANG_ANALYZER_NUMBER_OBJECT_CONVERSION = YES_AGGRESSIVE;
				CLANG_CXX_LANGUAGE_STANDARD = "gnu++14";
				CLANG_CXX_LIBRARY = "libc++";
				CLANG_ENABLE_MODULES = YES;
				CLANG_ENABLE_OBJC_ARC = YES;
				CLANG_ENABLE_OBJC_WEAK = YES;
				CLANG_WARN_BLOCK_CAPTURE_AUTORELEASING = YES;
				CLANG_WARN_BOOL_CONVERSION = YES;
				CLANG_WARN_COMMA = YES;
				CLANG_WARN_CONSTANT_CONVERSION = YES;
				CLANG_WARN_DEPRECATED_OBJC_IMPLEMENTATIONS = YES;
				CLANG_WARN_DIRECT_OBJC_ISA_USAGE = YES_ERROR;
				CLANG_WARN_DOCUMENTATION_COMMENTS = YES;
				CLANG_WARN_EMPTY_BODY = YES;
				CLANG_WARN_ENUM_CONVERSION = YES;
				CLANG_WARN_INFINITE_RECURSION = YES;
				CLANG_WARN_INT_CONVERSION = YES;
				CLANG_WARN_NON_LITERAL_NULL_CONVERSION = YES;
				CLANG_WARN_OBJC_IMPLICIT_RETAIN_SELF = YES;
				CLANG_WARN_OBJC_LITERAL_CONVERSION = YES;
				CLANG_WARN_OBJC_ROOT_CLASS = YES_ERROR;
				CLANG_WARN_QUOTED_INCLUDE_IN_FRAMEWORK_HEADER = YES;
				CLANG_WARN_RANGE_LOOP_ANALYSIS = YES;
				CLANG_WARN_STRICT_PROTOTYPES = YES;
				CLANG_WARN_SUSPICIOUS_MOVE = YES;
				CLANG_WARN_UNGUARDED_AVAILABILITY = YES_AGGRESSIVE;
				CLANG_WARN_UNREACHABLE_CODE = YES;
				CLANG_WARN__DUPLICATE_METHOD_MATCH = YES;
				COPY_PHASE_STRIP = NO;
				DEBUG_INFORMATION_FORMAT = "dwarf-with-dsym";
				ENABLE_NS_ASSERTIONS = NO;
				ENABLE_STRICT_OBJC_MSGSEND = YES;
				GCC_C_LANGUAGE_STANDARD = gnu11;
				GCC_NO_COMMON_BLOCKS = YES;
				GCC_WARN_64_TO_32_BIT_CONVERSION = YES;
				GCC_WARN_ABOUT_RETURN_TYPE = YES_ERROR;
				GCC_WARN_UNDECLARED_SELECTOR = YES;
				GCC_WARN_UNINITIALIZED_AUTOS = YES_AGGRESSIVE;
				GCC_WARN_UNUSED_FUNCTION = YES;
				GCC_WARN_UNUSED_VARIABLE = YES;
				IPHONEOS_DEPLOYMENT_TARGET = 12.0;
				MTL_ENABLE_DEBUG_INFO = NO;
				MTL_FAST_MATH = YES;
				SDKROOT = iphoneos;
				SWIFT_COMPILATION_MODE = wholemodule;
				SWIFT_OPTIMIZATION_LEVEL = "-O";
				VALIDATE_PRODUCT = YES;
			};
			name = Release;
		};
		18E02D8B25F1939B00A83CBE /* Debug */ = {
			isa = XCBuildConfiguration;
			baseConfigurationReference = 027BECC53A70EF29E604D5A7 /* Pods-FastAndSafeMemo.debug.xcconfig */;
			buildSettings = {
				ASSETCATALOG_COMPILER_APPICON_NAME = AppIcon;
				ASSETCATALOG_COMPILER_GLOBAL_ACCENT_COLOR_NAME = AccentColor;
				CODE_SIGN_STYLE = Automatic;
				DEVELOPMENT_TEAM = 4FTFKXF8N5;
				INFOPLIST_FILE = FastAndSafeMemo/Info.plist;
				LD_RUNPATH_SEARCH_PATHS = (
					"$(inherited)",
					"@executable_path/Frameworks",
				);
				PRODUCT_BUNDLE_IDENTIFIER = com.JeongminKim.FastAndSafeMemo;
				PRODUCT_NAME = "$(TARGET_NAME)";
				SWIFT_VERSION = 5.0;
				TARGETED_DEVICE_FAMILY = "1,2";
			};
			name = Debug;
		};
		18E02D8C25F1939B00A83CBE /* Release */ = {
			isa = XCBuildConfiguration;
			baseConfigurationReference = 5B2A5F16111B33468640C0FA /* Pods-FastAndSafeMemo.release.xcconfig */;
			buildSettings = {
				ASSETCATALOG_COMPILER_APPICON_NAME = AppIcon;
				ASSETCATALOG_COMPILER_GLOBAL_ACCENT_COLOR_NAME = AccentColor;
				CODE_SIGN_STYLE = Automatic;
				DEVELOPMENT_TEAM = 4FTFKXF8N5;
				INFOPLIST_FILE = FastAndSafeMemo/Info.plist;
				LD_RUNPATH_SEARCH_PATHS = (
					"$(inherited)",
					"@executable_path/Frameworks",
				);
				PRODUCT_BUNDLE_IDENTIFIER = com.JeongminKim.FastAndSafeMemo;
				PRODUCT_NAME = "$(TARGET_NAME)";
				SWIFT_VERSION = 5.0;
				TARGETED_DEVICE_FAMILY = "1,2";
			};
			name = Release;
		};
		18E02D8E25F1939B00A83CBE /* Debug */ = {
			isa = XCBuildConfiguration;
			baseConfigurationReference = BEDA8004F35A34F1D41CA545 /* Pods-FastAndSafeMemoTests.debug.xcconfig */;
			buildSettings = {
				ALWAYS_EMBED_SWIFT_STANDARD_LIBRARIES = YES;
				BUNDLE_LOADER = "$(TEST_HOST)";
				CODE_SIGN_STYLE = Automatic;
				DEVELOPMENT_TEAM = 4FTFKXF8N5;
				INFOPLIST_FILE = FastAndSafeMemoTests/Info.plist;
				IPHONEOS_DEPLOYMENT_TARGET = 14.3;
				LD_RUNPATH_SEARCH_PATHS = (
					"$(inherited)",
					"@executable_path/Frameworks",
					"@loader_path/Frameworks",
				);
				PRODUCT_BUNDLE_IDENTIFIER = com.JeongminKim.FastAndSafeMemoTests;
				PRODUCT_NAME = "$(TARGET_NAME)";
				SWIFT_VERSION = 5.0;
				TARGETED_DEVICE_FAMILY = "1,2";
				TEST_HOST = "$(BUILT_PRODUCTS_DIR)/FastAndSafeMemo.app/FastAndSafeMemo";
			};
			name = Debug;
		};
		18E02D8F25F1939B00A83CBE /* Release */ = {
			isa = XCBuildConfiguration;
			baseConfigurationReference = 911AB82DBB0DA839A5576200 /* Pods-FastAndSafeMemoTests.release.xcconfig */;
			buildSettings = {
				ALWAYS_EMBED_SWIFT_STANDARD_LIBRARIES = YES;
				BUNDLE_LOADER = "$(TEST_HOST)";
				CODE_SIGN_STYLE = Automatic;
				DEVELOPMENT_TEAM = 4FTFKXF8N5;
				INFOPLIST_FILE = FastAndSafeMemoTests/Info.plist;
				IPHONEOS_DEPLOYMENT_TARGET = 14.3;
				LD_RUNPATH_SEARCH_PATHS = (
					"$(inherited)",
					"@executable_path/Frameworks",
					"@loader_path/Frameworks",
				);
				PRODUCT_BUNDLE_IDENTIFIER = com.JeongminKim.FastAndSafeMemoTests;
				PRODUCT_NAME = "$(TARGET_NAME)";
				SWIFT_VERSION = 5.0;
				TARGETED_DEVICE_FAMILY = "1,2";
				TEST_HOST = "$(BUILT_PRODUCTS_DIR)/FastAndSafeMemo.app/FastAndSafeMemo";
			};
			name = Release;
		};
		18E02D9125F1939B00A83CBE /* Debug */ = {
			isa = XCBuildConfiguration;
			baseConfigurationReference = F5EFD672CF77AF37EC8641F7 /* Pods-FastAndSafeMemo-FastAndSafeMemoUITests.debug.xcconfig */;
			buildSettings = {
				ALWAYS_EMBED_SWIFT_STANDARD_LIBRARIES = YES;
				CODE_SIGN_STYLE = Automatic;
				DEVELOPMENT_TEAM = 4FTFKXF8N5;
				INFOPLIST_FILE = FastAndSafeMemoUITests/Info.plist;
				LD_RUNPATH_SEARCH_PATHS = (
					"$(inherited)",
					"@executable_path/Frameworks",
					"@loader_path/Frameworks",
				);
				PRODUCT_BUNDLE_IDENTIFIER = com.JeongminKim.FastAndSafeMemoUITests;
				PRODUCT_NAME = "$(TARGET_NAME)";
				SWIFT_VERSION = 5.0;
				TARGETED_DEVICE_FAMILY = "1,2";
				TEST_TARGET_NAME = FastAndSafeMemo;
			};
			name = Debug;
		};
		18E02D9225F1939B00A83CBE /* Release */ = {
			isa = XCBuildConfiguration;
			baseConfigurationReference = 7CB6819DAE25F16FAEBBB555 /* Pods-FastAndSafeMemo-FastAndSafeMemoUITests.release.xcconfig */;
			buildSettings = {
				ALWAYS_EMBED_SWIFT_STANDARD_LIBRARIES = YES;
				CODE_SIGN_STYLE = Automatic;
				DEVELOPMENT_TEAM = 4FTFKXF8N5;
				INFOPLIST_FILE = FastAndSafeMemoUITests/Info.plist;
				LD_RUNPATH_SEARCH_PATHS = (
					"$(inherited)",
					"@executable_path/Frameworks",
					"@loader_path/Frameworks",
				);
				PRODUCT_BUNDLE_IDENTIFIER = com.JeongminKim.FastAndSafeMemoUITests;
				PRODUCT_NAME = "$(TARGET_NAME)";
				SWIFT_VERSION = 5.0;
				TARGETED_DEVICE_FAMILY = "1,2";
				TEST_TARGET_NAME = FastAndSafeMemo;
			};
			name = Release;
		};
/* End XCBuildConfiguration section */

/* Begin XCConfigurationList section */
		18E02D5825F1939A00A83CBE /* Build configuration list for PBXProject "FastAndSafeMemo" */ = {
			isa = XCConfigurationList;
			buildConfigurations = (
				18E02D8825F1939B00A83CBE /* Debug */,
				18E02D8925F1939B00A83CBE /* Release */,
			);
			defaultConfigurationIsVisible = 0;
			defaultConfigurationName = Release;
		};
		18E02D8A25F1939B00A83CBE /* Build configuration list for PBXNativeTarget "FastAndSafeMemo" */ = {
			isa = XCConfigurationList;
			buildConfigurations = (
				18E02D8B25F1939B00A83CBE /* Debug */,
				18E02D8C25F1939B00A83CBE /* Release */,
			);
			defaultConfigurationIsVisible = 0;
			defaultConfigurationName = Release;
		};
		18E02D8D25F1939B00A83CBE /* Build configuration list for PBXNativeTarget "FastAndSafeMemoTests" */ = {
			isa = XCConfigurationList;
			buildConfigurations = (
				18E02D8E25F1939B00A83CBE /* Debug */,
				18E02D8F25F1939B00A83CBE /* Release */,
			);
			defaultConfigurationIsVisible = 0;
			defaultConfigurationName = Release;
		};
		18E02D9025F1939B00A83CBE /* Build configuration list for PBXNativeTarget "FastAndSafeMemoUITests" */ = {
			isa = XCConfigurationList;
			buildConfigurations = (
				18E02D9125F1939B00A83CBE /* Debug */,
				18E02D9225F1939B00A83CBE /* Release */,
			);
			defaultConfigurationIsVisible = 0;
			defaultConfigurationName = Release;
		};
/* End XCConfigurationList section */

/* Begin XCVersionGroup section */
		18E02D6925F1939A00A83CBE /* FastAndSafeMemo.xcdatamodeld */ = {
			isa = XCVersionGroup;
			children = (
				18E02D6A25F1939A00A83CBE /* FastAndSafeMemo.xcdatamodel */,
			);
			currentVersion = 18E02D6A25F1939A00A83CBE /* FastAndSafeMemo.xcdatamodel */;
			path = FastAndSafeMemo.xcdatamodeld;
			sourceTree = "<group>";
			versionGroupType = wrapper.xcdatamodel;
		};
/* End XCVersionGroup section */
	};
	rootObject = 18E02D5525F1939A00A83CBE /* Project object */;
}
